// !$*UTF8*$!
{
	archiveVersion = 1;
	classes = {
	};
	objectVersion = 55;
	objects = {

/* Begin PBXBuildFile section */
		2374D0DB2E58573C7AB46D0B /* Pods_Goout_IOS.framework in Frameworks */ = {isa = PBXBuildFile; fileRef = BA5E6CBE471D2ABF95140A2C /* Pods_Goout_IOS.framework */; };
		3C7E9DFC273E5E58009794EE /* AppDelegate.swift in Sources */ = {isa = PBXBuildFile; fileRef = 3C7E9DFB273E5E58009794EE /* AppDelegate.swift */; };
		3C7E9DFE273E5E58009794EE /* SceneDelegate.swift in Sources */ = {isa = PBXBuildFile; fileRef = 3C7E9DFD273E5E58009794EE /* SceneDelegate.swift */; };
		3C7E9E00273E5E58009794EE /* ViewController.swift in Sources */ = {isa = PBXBuildFile; fileRef = 3C7E9DFF273E5E58009794EE /* ViewController.swift */; };
		3C7E9E03273E5E58009794EE /* Main.storyboard in Resources */ = {isa = PBXBuildFile; fileRef = 3C7E9E01273E5E58009794EE /* Main.storyboard */; };
		3C7E9E06273E5E58009794EE /* Goout_IOS.xcdatamodeld in Sources */ = {isa = PBXBuildFile; fileRef = 3C7E9E04273E5E58009794EE /* Goout_IOS.xcdatamodeld */; };
		3C7E9E08273E5E60009794EE /* Assets.xcassets in Resources */ = {isa = PBXBuildFile; fileRef = 3C7E9E07273E5E60009794EE /* Assets.xcassets */; };
		3C7E9E0B273E5E60009794EE /* LaunchScreen.storyboard in Resources */ = {isa = PBXBuildFile; fileRef = 3C7E9E09273E5E60009794EE /* LaunchScreen.storyboard */; };
		9E224361273EA43500130B63 /* HealthKit.framework in Frameworks */ = {isa = PBXBuildFile; fileRef = 9E224360273EA43500130B63 /* HealthKit.framework */; };
		9E6A7E952750E9260062AF1F /* LoginViewModel.swift in Sources */ = {isa = PBXBuildFile; fileRef = 9E6A7E942750E9260062AF1F /* LoginViewModel.swift */; };
		9E6A7E972750E93C0062AF1F /* RegisterParentViewModel.swift in Sources */ = {isa = PBXBuildFile; fileRef = 9E6A7E962750E93C0062AF1F /* RegisterParentViewModel.swift */; };
		9E6A7E992750E9550062AF1F /* RegisterKidViewModel.swift in Sources */ = {isa = PBXBuildFile; fileRef = 9E6A7E982750E9550062AF1F /* RegisterKidViewModel.swift */; };
		9EAB376E274F845900CEFA04 /* TrackingViewController.swift in Sources */ = {isa = PBXBuildFile; fileRef = 9EAB376D274F845900CEFA04 /* TrackingViewController.swift */; };
		9EAB3774274F86A200CEFA04 /* ProgressTableViewController.swift in Sources */ = {isa = PBXBuildFile; fileRef = 9EAB3773274F86A200CEFA04 /* ProgressTableViewController.swift */; };
		9EAB3776274F86DB00CEFA04 /* ActivitiesTableViewController.swift in Sources */ = {isa = PBXBuildFile; fileRef = 9EAB3775274F86DB00CEFA04 /* ActivitiesTableViewController.swift */; };
		9EAB3778274F870F00CEFA04 /* RegistreKidViewController.swift in Sources */ = {isa = PBXBuildFile; fileRef = 9EAB3777274F870F00CEFA04 /* RegistreKidViewController.swift */; };
		9EAB377A274F876600CEFA04 /* InfoViewController.swift in Sources */ = {isa = PBXBuildFile; fileRef = 9EAB3779274F876600CEFA04 /* InfoViewController.swift */; };
		9EAB377C274F877A00CEFA04 /* LoginViewController.swift in Sources */ = {isa = PBXBuildFile; fileRef = 9EAB377B274F877A00CEFA04 /* LoginViewController.swift */; };
		9EAB377E274F878F00CEFA04 /* RegistreParentViewController.swift in Sources */ = {isa = PBXBuildFile; fileRef = 9EAB377D274F878F00CEFA04 /* RegistreParentViewController.swift */; };
		9EAB3784274F87F200CEFA04 /* HealthCollectionViewController.swift in Sources */ = {isa = PBXBuildFile; fileRef = 9EAB3783274F87F200CEFA04 /* HealthCollectionViewController.swift */; };
		9EAB3786274F882A00CEFA04 /* SettingsViewController.swift in Sources */ = {isa = PBXBuildFile; fileRef = 9EAB3785274F882A00CEFA04 /* SettingsViewController.swift */; };
		9EAB3788274F885700CEFA04 /* KidsActivityViewController.swift in Sources */ = {isa = PBXBuildFile; fileRef = 9EAB3787274F885700CEFA04 /* KidsActivityViewController.swift */; };
		9EAB378A274F93A900CEFA04 /* AddTaskViewController.swift in Sources */ = {isa = PBXBuildFile; fileRef = 9EAB3789274F93A900CEFA04 /* AddTaskViewController.swift */; };
		E4C1278E2754FBC80014E342 /* Parent.swift in Sources */ = {isa = PBXBuildFile; fileRef = E4C1278D2754FBC80014E342 /* Parent.swift */; };
		E4C127902755061A0014E342 /* Kids.swift in Sources */ = {isa = PBXBuildFile; fileRef = E4C1278F275506190014E342 /* Kids.swift */; };
/* End PBXBuildFile section */

/* Begin PBXFileReference section */
		3C7E9DF8273E5E58009794EE /* Goout_IOS.app */ = {isa = PBXFileReference; explicitFileType = wrapper.application; includeInIndex = 0; path = Goout_IOS.app; sourceTree = BUILT_PRODUCTS_DIR; };
		3C7E9DFB273E5E58009794EE /* AppDelegate.swift */ = {isa = PBXFileReference; lastKnownFileType = sourcecode.swift; path = AppDelegate.swift; sourceTree = "<group>"; };
		3C7E9DFD273E5E58009794EE /* SceneDelegate.swift */ = {isa = PBXFileReference; lastKnownFileType = sourcecode.swift; path = SceneDelegate.swift; sourceTree = "<group>"; };
		3C7E9DFF273E5E58009794EE /* ViewController.swift */ = {isa = PBXFileReference; lastKnownFileType = sourcecode.swift; path = ViewController.swift; sourceTree = "<group>"; };
		3C7E9E02273E5E58009794EE /* Base */ = {isa = PBXFileReference; lastKnownFileType = file.storyboard; name = Base; path = Base.lproj/Main.storyboard; sourceTree = "<group>"; };
		3C7E9E05273E5E58009794EE /* Goout_IOS.xcdatamodel */ = {isa = PBXFileReference; lastKnownFileType = wrapper.xcdatamodel; path = Goout_IOS.xcdatamodel; sourceTree = "<group>"; };
		3C7E9E07273E5E60009794EE /* Assets.xcassets */ = {isa = PBXFileReference; lastKnownFileType = folder.assetcatalog; path = Assets.xcassets; sourceTree = "<group>"; };
		3C7E9E0A273E5E60009794EE /* Base */ = {isa = PBXFileReference; lastKnownFileType = file.storyboard; name = Base; path = Base.lproj/LaunchScreen.storyboard; sourceTree = "<group>"; };
		3C7E9E0C273E5E60009794EE /* Info.plist */ = {isa = PBXFileReference; lastKnownFileType = text.plist.xml; path = Info.plist; sourceTree = "<group>"; };
		9E22435E273EA43500130B63 /* Goout_IOSDebug.entitlements */ = {isa = PBXFileReference; lastKnownFileType = text.plist.entitlements; path = Goout_IOSDebug.entitlements; sourceTree = "<group>"; };
		9E224360273EA43500130B63 /* HealthKit.framework */ = {isa = PBXFileReference; lastKnownFileType = wrapper.framework; name = HealthKit.framework; path = System/Library/Frameworks/HealthKit.framework; sourceTree = SDKROOT; };
		9E6A7E942750E9260062AF1F /* LoginViewModel.swift */ = {isa = PBXFileReference; lastKnownFileType = sourcecode.swift; path = LoginViewModel.swift; sourceTree = "<group>"; };
		9E6A7E962750E93C0062AF1F /* RegisterParentViewModel.swift */ = {isa = PBXFileReference; lastKnownFileType = sourcecode.swift; path = RegisterParentViewModel.swift; sourceTree = "<group>"; };
		9E6A7E982750E9550062AF1F /* RegisterKidViewModel.swift */ = {isa = PBXFileReference; lastKnownFileType = sourcecode.swift; path = RegisterKidViewModel.swift; sourceTree = "<group>"; };
		9EAB376D274F845900CEFA04 /* TrackingViewController.swift */ = {isa = PBXFileReference; lastKnownFileType = sourcecode.swift; path = TrackingViewController.swift; sourceTree = "<group>"; };
		9EAB3773274F86A200CEFA04 /* ProgressTableViewController.swift */ = {isa = PBXFileReference; lastKnownFileType = sourcecode.swift; path = ProgressTableViewController.swift; sourceTree = "<group>"; };
		9EAB3775274F86DB00CEFA04 /* ActivitiesTableViewController.swift */ = {isa = PBXFileReference; lastKnownFileType = sourcecode.swift; path = ActivitiesTableViewController.swift; sourceTree = "<group>"; };
		9EAB3777274F870F00CEFA04 /* RegistreKidViewController.swift */ = {isa = PBXFileReference; lastKnownFileType = sourcecode.swift; path = RegistreKidViewController.swift; sourceTree = "<group>"; };
		9EAB3779274F876600CEFA04 /* InfoViewController.swift */ = {isa = PBXFileReference; lastKnownFileType = sourcecode.swift; name = InfoViewController.swift; path = Goout_IOS/InfoViewController.swift; sourceTree = SOURCE_ROOT; };
		9EAB377B274F877A00CEFA04 /* LoginViewController.swift */ = {isa = PBXFileReference; lastKnownFileType = sourcecode.swift; name = LoginViewController.swift; path = Goout_IOS/LoginViewController.swift; sourceTree = SOURCE_ROOT; };
		9EAB377D274F878F00CEFA04 /* RegistreParentViewController.swift */ = {isa = PBXFileReference; lastKnownFileType = sourcecode.swift; path = RegistreParentViewController.swift; sourceTree = "<group>"; };
		9EAB3783274F87F200CEFA04 /* HealthCollectionViewController.swift */ = {isa = PBXFileReference; lastKnownFileType = sourcecode.swift; name = HealthCollectionViewController.swift; path = Goout_IOS/HealthCollectionViewController.swift; sourceTree = SOURCE_ROOT; };
		9EAB3785274F882A00CEFA04 /* SettingsViewController.swift */ = {isa = PBXFileReference; lastKnownFileType = sourcecode.swift; path = SettingsViewController.swift; sourceTree = "<group>"; };
		9EAB3787274F885700CEFA04 /* KidsActivityViewController.swift */ = {isa = PBXFileReference; lastKnownFileType = sourcecode.swift; name = KidsActivityViewController.swift; path = Goout_IOS/KidsActivityViewController.swift; sourceTree = SOURCE_ROOT; };
		9EAB3789274F93A900CEFA04 /* AddTaskViewController.swift */ = {isa = PBXFileReference; lastKnownFileType = sourcecode.swift; path = AddTaskViewController.swift; sourceTree = "<group>"; };
		BA5E6CBE471D2ABF95140A2C /* Pods_Goout_IOS.framework */ = {isa = PBXFileReference; explicitFileType = wrapper.framework; includeInIndex = 0; path = Pods_Goout_IOS.framework; sourceTree = BUILT_PRODUCTS_DIR; };
		C9BDD1AFE94BDD8B70EB8519 /* Pods-Goout_IOS.debug.xcconfig */ = {isa = PBXFileReference; includeInIndex = 1; lastKnownFileType = text.xcconfig; name = "Pods-Goout_IOS.debug.xcconfig"; path = "Target Support Files/Pods-Goout_IOS/Pods-Goout_IOS.debug.xcconfig"; sourceTree = "<group>"; };
		CE118056C3CC0113B8318092 /* Pods-Goout_IOS.release.xcconfig */ = {isa = PBXFileReference; includeInIndex = 1; lastKnownFileType = text.xcconfig; name = "Pods-Goout_IOS.release.xcconfig"; path = "Target Support Files/Pods-Goout_IOS/Pods-Goout_IOS.release.xcconfig"; sourceTree = "<group>"; };
		E4C1278D2754FBC80014E342 /* Parent.swift */ = {isa = PBXFileReference; lastKnownFileType = sourcecode.swift; path = Parent.swift; sourceTree = "<group>"; };
		E4C1278F275506190014E342 /* Kids.swift */ = {isa = PBXFileReference; lastKnownFileType = sourcecode.swift; path = Kids.swift; sourceTree = "<group>"; };
/* End PBXFileReference section */

/* Begin PBXFrameworksBuildPhase section */
		3C7E9DF5273E5E58009794EE /* Frameworks */ = {
			isa = PBXFrameworksBuildPhase;
			buildActionMask = 2147483647;
			files = (
				9E224361273EA43500130B63 /* HealthKit.framework in Frameworks */,
				2374D0DB2E58573C7AB46D0B /* Pods_Goout_IOS.framework in Frameworks */,
			);
			runOnlyForDeploymentPostprocessing = 0;
		};
/* End PBXFrameworksBuildPhase section */

/* Begin PBXGroup section */
		3C7E9DEF273E5E58009794EE = {
			isa = PBXGroup;
			children = (
				3C7E9DFA273E5E58009794EE /* Goout_IOS */,
				3C7E9DF9273E5E58009794EE /* Products */,
				9E22435F273EA43500130B63 /* Frameworks */,
				D50B769D4871C56BC3C5C3E2 /* Pods */,
			);
			sourceTree = "<group>";
		};
		3C7E9DF9273E5E58009794EE /* Products */ = {
			isa = PBXGroup;
			children = (
				3C7E9DF8273E5E58009794EE /* Goout_IOS.app */,
			);
			name = Products;
			sourceTree = "<group>";
		};
		3C7E9DFA273E5E58009794EE /* Goout_IOS */ = {
			isa = PBXGroup;
			children = (
				9EAB376C274F819000CEFA04 /* ViewModels */,
				9EAB376B274F817000CEFA04 /* Views */,
				9EAB3769274F814D00CEFA04 /* Models */,
				9E22435E273EA43500130B63 /* Goout_IOSDebug.entitlements */,
				3C7E9DFB273E5E58009794EE /* AppDelegate.swift */,
				3C7E9DFD273E5E58009794EE /* SceneDelegate.swift */,
				3C7E9DFF273E5E58009794EE /* ViewController.swift */,
				3C7E9E01273E5E58009794EE /* Main.storyboard */,
				3C7E9E07273E5E60009794EE /* Assets.xcassets */,
				3C7E9E09273E5E60009794EE /* LaunchScreen.storyboard */,
				3C7E9E0C273E5E60009794EE /* Info.plist */,
				3C7E9E04273E5E58009794EE /* Goout_IOS.xcdatamodeld */,
			);
			path = Goout_IOS;
			sourceTree = "<group>";
		};
		9E22435F273EA43500130B63 /* Frameworks */ = {
			isa = PBXGroup;
			children = (
				9E224360273EA43500130B63 /* HealthKit.framework */,
				BA5E6CBE471D2ABF95140A2C /* Pods_Goout_IOS.framework */,
			);
			name = Frameworks;
			sourceTree = "<group>";
		};
		9EAB3769274F814D00CEFA04 /* Models */ = {
			isa = PBXGroup;
			children = (
				E4C1278D2754FBC80014E342 /* Parent.swift */,
				E4C1278F275506190014E342 /* Kids.swift */,
			);
			path = Models;
			sourceTree = "<group>";
		};
		9EAB376B274F817000CEFA04 /* Views */ = {
			isa = PBXGroup;
			children = (
				9EAB3787274F885700CEFA04 /* KidsActivityViewController.swift */,
				9EAB3783274F87F200CEFA04 /* HealthCollectionViewController.swift */,
				9EAB3785274F882A00CEFA04 /* SettingsViewController.swift */,
				9EAB377B274F877A00CEFA04 /* LoginViewController.swift */,
				9EAB377D274F878F00CEFA04 /* RegistreParentViewController.swift */,
				9EAB3779274F876600CEFA04 /* InfoViewController.swift */,
				9EAB376D274F845900CEFA04 /* TrackingViewController.swift */,
				9EAB3773274F86A200CEFA04 /* ProgressTableViewController.swift */,
				9EAB3775274F86DB00CEFA04 /* ActivitiesTableViewController.swift */,
				9EAB3777274F870F00CEFA04 /* RegistreKidViewController.swift */,
				9EAB3789274F93A900CEFA04 /* AddTaskViewController.swift */,
			);
			path = Views;
			sourceTree = "<group>";
		};
		9EAB376C274F819000CEFA04 /* ViewModels */ = {
			isa = PBXGroup;
			children = (
				9E6A7E942750E9260062AF1F /* LoginViewModel.swift */,
				9E6A7E962750E93C0062AF1F /* RegisterParentViewModel.swift */,
				9E6A7E982750E9550062AF1F /* RegisterKidViewModel.swift */,
			);
			path = ViewModels;
			sourceTree = "<group>";
		};
		D50B769D4871C56BC3C5C3E2 /* Pods */ = {
			isa = PBXGroup;
			children = (
				C9BDD1AFE94BDD8B70EB8519 /* Pods-Goout_IOS.debug.xcconfig */,
				CE118056C3CC0113B8318092 /* Pods-Goout_IOS.release.xcconfig */,
			);
			name = Pods;
			path = Pods;
			sourceTree = "<group>";
		};
/* End PBXGroup section */

/* Begin PBXNativeTarget section */
		3C7E9DF7273E5E58009794EE /* Goout_IOS */ = {
			isa = PBXNativeTarget;
			buildConfigurationList = 3C7E9E0F273E5E60009794EE /* Build configuration list for PBXNativeTarget "Goout_IOS" */;
			buildPhases = (
				C2AD53D36446A2DB3EA79414 /* [CP] Check Pods Manifest.lock */,
				3C7E9DF4273E5E58009794EE /* Sources */,
				3C7E9DF5273E5E58009794EE /* Frameworks */,
				3C7E9DF6273E5E58009794EE /* Resources */,
				206F4DD3660003DB2422A00D /* [CP] Embed Pods Frameworks */,
			);
			buildRules = (
			);
			dependencies = (
			);
			name = Goout_IOS;
			productName = Goout_IOS;
			productReference = 3C7E9DF8273E5E58009794EE /* Goout_IOS.app */;
			productType = "com.apple.product-type.application";
		};
/* End PBXNativeTarget section */

/* Begin PBXProject section */
		3C7E9DF0273E5E58009794EE /* Project object */ = {
			isa = PBXProject;
			attributes = {
				BuildIndependentTargetsInParallel = 1;
				LastSwiftUpdateCheck = 1300;
				LastUpgradeCheck = 1300;
				TargetAttributes = {
					3C7E9DF7273E5E58009794EE = {
						CreatedOnToolsVersion = 13.0;
					};
				};
			};
			buildConfigurationList = 3C7E9DF3273E5E58009794EE /* Build configuration list for PBXProject "Goout_IOS" */;
			compatibilityVersion = "Xcode 13.0";
			developmentRegion = en;
			hasScannedForEncodings = 0;
			knownRegions = (
				en,
				Base,
			);
			mainGroup = 3C7E9DEF273E5E58009794EE;
			productRefGroup = 3C7E9DF9273E5E58009794EE /* Products */;
			projectDirPath = "";
			projectRoot = "";
			targets = (
				3C7E9DF7273E5E58009794EE /* Goout_IOS */,
			);
		};
/* End PBXProject section */

/* Begin PBXResourcesBuildPhase section */
		3C7E9DF6273E5E58009794EE /* Resources */ = {
			isa = PBXResourcesBuildPhase;
			buildActionMask = 2147483647;
			files = (
				3C7E9E0B273E5E60009794EE /* LaunchScreen.storyboard in Resources */,
				3C7E9E08273E5E60009794EE /* Assets.xcassets in Resources */,
				3C7E9E03273E5E58009794EE /* Main.storyboard in Resources */,
			);
			runOnlyForDeploymentPostprocessing = 0;
		};
/* End PBXResourcesBuildPhase section */

/* Begin PBXShellScriptBuildPhase section */
		206F4DD3660003DB2422A00D /* [CP] Embed Pods Frameworks */ = {
			isa = PBXShellScriptBuildPhase;
			buildActionMask = 2147483647;
			files = (
			);
			inputFileListPaths = (
				"${PODS_ROOT}/Target Support Files/Pods-Goout_IOS/Pods-Goout_IOS-frameworks-${CONFIGURATION}-input-files.xcfilelist",
			);
			name = "[CP] Embed Pods Frameworks";
			outputFileListPaths = (
				"${PODS_ROOT}/Target Support Files/Pods-Goout_IOS/Pods-Goout_IOS-frameworks-${CONFIGURATION}-output-files.xcfilelist",
			);
			runOnlyForDeploymentPostprocessing = 0;
			shellPath = /bin/sh;
			shellScript = "\"${PODS_ROOT}/Target Support Files/Pods-Goout_IOS/Pods-Goout_IOS-frameworks.sh\"\n";
			showEnvVarsInLog = 0;
		};
		C2AD53D36446A2DB3EA79414 /* [CP] Check Pods Manifest.lock */ = {
			isa = PBXShellScriptBuildPhase;
			buildActionMask = 2147483647;
			files = (
			);
			inputFileListPaths = (
			);
			inputPaths = (
				"${PODS_PODFILE_DIR_PATH}/Podfile.lock",
				"${PODS_ROOT}/Manifest.lock",
			);
			name = "[CP] Check Pods Manifest.lock";
			outputFileListPaths = (
			);
			outputPaths = (
				"$(DERIVED_FILE_DIR)/Pods-Goout_IOS-checkManifestLockResult.txt",
			);
			runOnlyForDeploymentPostprocessing = 0;
			shellPath = /bin/sh;
			shellScript = "diff \"${PODS_PODFILE_DIR_PATH}/Podfile.lock\" \"${PODS_ROOT}/Manifest.lock\" > /dev/null\nif [ $? != 0 ] ; then\n    # print error to STDERR\n    echo \"error: The sandbox is not in sync with the Podfile.lock. Run 'pod install' or update your CocoaPods installation.\" >&2\n    exit 1\nfi\n# This output is used by Xcode 'outputs' to avoid re-running this script phase.\necho \"SUCCESS\" > \"${SCRIPT_OUTPUT_FILE_0}\"\n";
			showEnvVarsInLog = 0;
		};
/* End PBXShellScriptBuildPhase section */

/* Begin PBXSourcesBuildPhase section */
		3C7E9DF4273E5E58009794EE /* Sources */ = {
			isa = PBXSourcesBuildPhase;
			buildActionMask = 2147483647;
			files = (
				E4C127902755061A0014E342 /* Kids.swift in Sources */,
				9EAB3788274F885700CEFA04 /* KidsActivityViewController.swift in Sources */,
				9EAB3776274F86DB00CEFA04 /* ActivitiesTableViewController.swift in Sources */,
				9E6A7E992750E9550062AF1F /* RegisterKidViewModel.swift in Sources */,
				9EAB376E274F845900CEFA04 /* TrackingViewController.swift in Sources */,
				3C7E9E00273E5E58009794EE /* ViewController.swift in Sources */,
				9E6A7E952750E9260062AF1F /* LoginViewModel.swift in Sources */,
				9EAB378A274F93A900CEFA04 /* AddTaskViewController.swift in Sources */,
				9EAB3774274F86A200CEFA04 /* ProgressTableViewController.swift in Sources */,
				9EAB3784274F87F200CEFA04 /* HealthCollectionViewController.swift in Sources */,
				9EAB377A274F876600CEFA04 /* InfoViewController.swift in Sources */,
				E4C1278E2754FBC80014E342 /* Parent.swift in Sources */,
				3C7E9DFC273E5E58009794EE /* AppDelegate.swift in Sources */,
				9EAB377E274F878F00CEFA04 /* RegistreParentViewController.swift in Sources */,
				3C7E9E06273E5E58009794EE /* Goout_IOS.xcdatamodeld in Sources */,
				9EAB3778274F870F00CEFA04 /* RegistreKidViewController.swift in Sources */,
				9EAB3786274F882A00CEFA04 /* SettingsViewController.swift in Sources */,
				9E6A7E972750E93C0062AF1F /* RegisterParentViewModel.swift in Sources */,
				9EAB377C274F877A00CEFA04 /* LoginViewController.swift in Sources */,
				3C7E9DFE273E5E58009794EE /* SceneDelegate.swift in Sources */,
			);
			runOnlyForDeploymentPostprocessing = 0;
		};
/* End PBXSourcesBuildPhase section */

/* Begin PBXVariantGroup section */
		3C7E9E01273E5E58009794EE /* Main.storyboard */ = {
			isa = PBXVariantGroup;
			children = (
				3C7E9E02273E5E58009794EE /* Base */,
			);
			name = Main.storyboard;
			sourceTree = "<group>";
		};
		3C7E9E09273E5E60009794EE /* LaunchScreen.storyboard */ = {
			isa = PBXVariantGroup;
			children = (
				3C7E9E0A273E5E60009794EE /* Base */,
			);
			name = LaunchScreen.storyboard;
			sourceTree = "<group>";
		};
/* End PBXVariantGroup section */

/* Begin XCBuildConfiguration section */
		3C7E9E0D273E5E60009794EE /* Debug */ = {
			isa = XCBuildConfiguration;
			buildSettings = {
				ALWAYS_SEARCH_USER_PATHS = NO;
				CLANG_ANALYZER_NONNULL = YES;
				CLANG_ANALYZER_NUMBER_OBJECT_CONVERSION = YES_AGGRESSIVE;
				CLANG_CXX_LANGUAGE_STANDARD = "gnu++17";
				CLANG_CXX_LIBRARY = "libc++";
				CLANG_ENABLE_MODULES = YES;
				CLANG_ENABLE_OBJC_ARC = YES;
				CLANG_ENABLE_OBJC_WEAK = YES;
				CLANG_WARN_BLOCK_CAPTURE_AUTORELEASING = YES;
				CLANG_WARN_BOOL_CONVERSION = YES;
				CLANG_WARN_COMMA = YES;
				CLANG_WARN_CONSTANT_CONVERSION = YES;
				CLANG_WARN_DEPRECATED_OBJC_IMPLEMENTATIONS = YES;
				CLANG_WARN_DIRECT_OBJC_ISA_USAGE = YES_ERROR;
				CLANG_WARN_DOCUMENTATION_COMMENTS = YES;
				CLANG_WARN_EMPTY_BODY = YES;
				CLANG_WARN_ENUM_CONVERSION = YES;
				CLANG_WARN_INFINITE_RECURSION = YES;
				CLANG_WARN_INT_CONVERSION = YES;
				CLANG_WARN_NON_LITERAL_NULL_CONVERSION = YES;
				CLANG_WARN_OBJC_IMPLICIT_RETAIN_SELF = YES;
				CLANG_WARN_OBJC_LITERAL_CONVERSION = YES;
				CLANG_WARN_OBJC_ROOT_CLASS = YES_ERROR;
				CLANG_WARN_QUOTED_INCLUDE_IN_FRAMEWORK_HEADER = YES;
				CLANG_WARN_RANGE_LOOP_ANALYSIS = YES;
				CLANG_WARN_STRICT_PROTOTYPES = YES;
				CLANG_WARN_SUSPICIOUS_MOVE = YES;
				CLANG_WARN_UNGUARDED_AVAILABILITY = YES_AGGRESSIVE;
				CLANG_WARN_UNREACHABLE_CODE = YES;
				CLANG_WARN__DUPLICATE_METHOD_MATCH = YES;
				COPY_PHASE_STRIP = NO;
				DEBUG_INFORMATION_FORMAT = dwarf;
				ENABLE_STRICT_OBJC_MSGSEND = YES;
				ENABLE_TESTABILITY = YES;
				GCC_C_LANGUAGE_STANDARD = gnu11;
				GCC_DYNAMIC_NO_PIC = NO;
				GCC_NO_COMMON_BLOCKS = YES;
				GCC_OPTIMIZATION_LEVEL = 0;
				GCC_PREPROCESSOR_DEFINITIONS = (
					"DEBUG=1",
					"$(inherited)",
				);
				GCC_WARN_64_TO_32_BIT_CONVERSION = YES;
				GCC_WARN_ABOUT_RETURN_TYPE = YES_ERROR;
				GCC_WARN_UNDECLARED_SELECTOR = YES;
				GCC_WARN_UNINITIALIZED_AUTOS = YES_AGGRESSIVE;
				GCC_WARN_UNUSED_FUNCTION = YES;
				GCC_WARN_UNUSED_VARIABLE = YES;
				IPHONEOS_DEPLOYMENT_TARGET = 15.0;
				MTL_ENABLE_DEBUG_INFO = INCLUDE_SOURCE;
				MTL_FAST_MATH = YES;
				ONLY_ACTIVE_ARCH = YES;
				SDKROOT = iphoneos;
				SWIFT_ACTIVE_COMPILATION_CONDITIONS = DEBUG;
				SWIFT_OPTIMIZATION_LEVEL = "-Onone";
			};
			name = Debug;
		};
		3C7E9E0E273E5E60009794EE /* Release */ = {
			isa = XCBuildConfiguration;
			buildSettings = {
				ALWAYS_SEARCH_USER_PATHS = NO;
				CLANG_ANALYZER_NONNULL = YES;
				CLANG_ANALYZER_NUMBER_OBJECT_CONVERSION = YES_AGGRESSIVE;
				CLANG_CXX_LANGUAGE_STANDARD = "gnu++17";
				CLANG_CXX_LIBRARY = "libc++";
				CLANG_ENABLE_MODULES = YES;
				CLANG_ENABLE_OBJC_ARC = YES;
				CLANG_ENABLE_OBJC_WEAK = YES;
				CLANG_WARN_BLOCK_CAPTURE_AUTORELEASING = YES;
				CLANG_WARN_BOOL_CONVERSION = YES;
				CLANG_WARN_COMMA = YES;
				CLANG_WARN_CONSTANT_CONVERSION = YES;
				CLANG_WARN_DEPRECATED_OBJC_IMPLEMENTATIONS = YES;
				CLANG_WARN_DIRECT_OBJC_ISA_USAGE = YES_ERROR;
				CLANG_WARN_DOCUMENTATION_COMMENTS = YES;
				CLANG_WARN_EMPTY_BODY = YES;
				CLANG_WARN_ENUM_CONVERSION = YES;
				CLANG_WARN_INFINITE_RECURSION = YES;
				CLANG_WARN_INT_CONVERSION = YES;
				CLANG_WARN_NON_LITERAL_NULL_CONVERSION = YES;
				CLANG_WARN_OBJC_IMPLICIT_RETAIN_SELF = YES;
				CLANG_WARN_OBJC_LITERAL_CONVERSION = YES;
				CLANG_WARN_OBJC_ROOT_CLASS = YES_ERROR;
				CLANG_WARN_QUOTED_INCLUDE_IN_FRAMEWORK_HEADER = YES;
				CLANG_WARN_RANGE_LOOP_ANALYSIS = YES;
				CLANG_WARN_STRICT_PROTOTYPES = YES;
				CLANG_WARN_SUSPICIOUS_MOVE = YES;
				CLANG_WARN_UNGUARDED_AVAILABILITY = YES_AGGRESSIVE;
				CLANG_WARN_UNREACHABLE_CODE = YES;
				CLANG_WARN__DUPLICATE_METHOD_MATCH = YES;
				COPY_PHASE_STRIP = NO;
				DEBUG_INFORMATION_FORMAT = "dwarf-with-dsym";
				ENABLE_NS_ASSERTIONS = NO;
				ENABLE_STRICT_OBJC_MSGSEND = YES;
				GCC_C_LANGUAGE_STANDARD = gnu11;
				GCC_NO_COMMON_BLOCKS = YES;
				GCC_WARN_64_TO_32_BIT_CONVERSION = YES;
				GCC_WARN_ABOUT_RETURN_TYPE = YES_ERROR;
				GCC_WARN_UNDECLARED_SELECTOR = YES;
				GCC_WARN_UNINITIALIZED_AUTOS = YES_AGGRESSIVE;
				GCC_WARN_UNUSED_FUNCTION = YES;
				GCC_WARN_UNUSED_VARIABLE = YES;
				IPHONEOS_DEPLOYMENT_TARGET = 15.0;
				MTL_ENABLE_DEBUG_INFO = NO;
				MTL_FAST_MATH = YES;
				SDKROOT = iphoneos;
				SWIFT_COMPILATION_MODE = wholemodule;
				SWIFT_OPTIMIZATION_LEVEL = "-O";
				VALIDATE_PRODUCT = YES;
			};
			name = Release;
		};
		3C7E9E10273E5E60009794EE /* Debug */ = {
			isa = XCBuildConfiguration;
			baseConfigurationReference = C9BDD1AFE94BDD8B70EB8519 /* Pods-Goout_IOS.debug.xcconfig */;
			buildSettings = {
				ASSETCATALOG_COMPILER_APPICON_NAME = AppIcon;
				ASSETCATALOG_COMPILER_GLOBAL_ACCENT_COLOR_NAME = AccentColor;
				CODE_SIGN_ENTITLEMENTS = Goout_IOS/Goout_IOSDebug.entitlements;
				CODE_SIGN_STYLE = Automatic;
				CURRENT_PROJECT_VERSION = 1;
				GENERATE_INFOPLIST_FILE = YES;
				INFOPLIST_FILE = Goout_IOS/Info.plist;
				INFOPLIST_KEY_UIApplicationSupportsIndirectInputEvents = YES;
				INFOPLIST_KEY_UILaunchStoryboardName = LaunchScreen;
				INFOPLIST_KEY_UIMainStoryboardFile = Main;
				INFOPLIST_KEY_UISupportedInterfaceOrientations_iPad = "UIInterfaceOrientationPortrait UIInterfaceOrientationPortraitUpsideDown UIInterfaceOrientationLandscapeLeft UIInterfaceOrientationLandscapeRight";
				INFOPLIST_KEY_UISupportedInterfaceOrientations_iPhone = "UIInterfaceOrientationPortrait UIInterfaceOrientationLandscapeLeft UIInterfaceOrientationLandscapeRight";
				LD_RUNPATH_SEARCH_PATHS = (
					"$(inherited)",
					"@executable_path/Frameworks",
				);
				MARKETING_VERSION = 1.0;
				PRODUCT_BUNDLE_IDENTIFIER = "esprit.Goout-IOS";
				PRODUCT_NAME = "$(TARGET_NAME)";
				SWIFT_EMIT_LOC_STRINGS = YES;
				SWIFT_VERSION = 5.0;
				TARGETED_DEVICE_FAMILY = "1,2";
			};
			name = Debug;
		};
		3C7E9E11273E5E60009794EE /* Release */ = {
			isa = XCBuildConfiguration;
			baseConfigurationReference = CE118056C3CC0113B8318092 /* Pods-Goout_IOS.release.xcconfig */;
			buildSettings = {
				ASSETCATALOG_COMPILER_APPICON_NAME = AppIcon;
				ASSETCATALOG_COMPILER_GLOBAL_ACCENT_COLOR_NAME = AccentColor;
				CODE_SIGN_STYLE = Automatic;
				CURRENT_PROJECT_VERSION = 1;
				GENERATE_INFOPLIST_FILE = YES;
				INFOPLIST_FILE = Goout_IOS/Info.plist;
				INFOPLIST_KEY_UIApplicationSupportsIndirectInputEvents = YES;
				INFOPLIST_KEY_UILaunchStoryboardName = LaunchScreen;
				INFOPLIST_KEY_UIMainStoryboardFile = Main;
				INFOPLIST_KEY_UISupportedInterfaceOrientations_iPad = "UIInterfaceOrientationPortrait UIInterfaceOrientationPortraitUpsideDown UIInterfaceOrientationLandscapeLeft UIInterfaceOrientationLandscapeRight";
				INFOPLIST_KEY_UISupportedInterfaceOrientations_iPhone = "UIInterfaceOrientationPortrait UIInterfaceOrientationLandscapeLeft UIInterfaceOrientationLandscapeRight";
				LD_RUNPATH_SEARCH_PATHS = (
					"$(inherited)",
					"@executable_path/Frameworks",
				);
				MARKETING_VERSION = 1.0;
				PRODUCT_BUNDLE_IDENTIFIER = "esprit.Goout-IOS";
				PRODUCT_NAME = "$(TARGET_NAME)";
				SWIFT_EMIT_LOC_STRINGS = YES;
				SWIFT_VERSION = 5.0;
				TARGETED_DEVICE_FAMILY = "1,2";
			};
			name = Release;
		};
/* End XCBuildConfiguration section */

/* Begin XCConfigurationList section */
		3C7E9DF3273E5E58009794EE /* Build configuration list for PBXProject "Goout_IOS" */ = {
			isa = XCConfigurationList;
			buildConfigurations = (
				3C7E9E0D273E5E60009794EE /* Debug */,
				3C7E9E0E273E5E60009794EE /* Release */,
			);
			defaultConfigurationIsVisible = 0;
			defaultConfigurationName = Release;
		};
		3C7E9E0F273E5E60009794EE /* Build configuration list for PBXNativeTarget "Goout_IOS" */ = {
			isa = XCConfigurationList;
			buildConfigurations = (
				3C7E9E10273E5E60009794EE /* Debug */,
				3C7E9E11273E5E60009794EE /* Release */,
			);
			defaultConfigurationIsVisible = 0;
			defaultConfigurationName = Release;
		};
/* End XCConfigurationList section */

/* Begin XCVersionGroup section */
		3C7E9E04273E5E58009794EE /* Goout_IOS.xcdatamodeld */ = {
			isa = XCVersionGroup;
			children = (
				3C7E9E05273E5E58009794EE /* Goout_IOS.xcdatamodel */,
			);
			currentVersion = 3C7E9E05273E5E58009794EE /* Goout_IOS.xcdatamodel */;
			path = Goout_IOS.xcdatamodeld;
			sourceTree = "<group>";
			versionGroupType = wrapper.xcdatamodel;
		};
/* End XCVersionGroup section */
	};
	rootObject = 3C7E9DF0273E5E58009794EE /* Project object */;
}
